
Microsoft Visual Studio Solution File, Format Version 12.00
# Visual Studio Version 17
VisualStudioVersion = 17.1.32210.238
MinimumVisualStudioVersion = 10.0.40219.1
Project("{FAE04EC0-301F-11D3-BF4B-00C04F79EFBC}") = "Deveel.Identity.MongoDb", "src\Deveel.Identity.MongoDb\Deveel.Identity.MongoDb.csproj", "{95ADB94A-A25D-4E9E-918A-73BBD4F2D74B}"
EndProject
Project("{FAE04EC0-301F-11D3-BF4B-00C04F79EFBC}") = "Deveel.Identity.MongoDb.XUnit", "test\Deveel.Identity.MongoDb.XUnit\Deveel.Identity.MongoDb.XUnit.csproj", "{494E0DCF-11E5-4104-A0B3-43B7DB033C3E}"
EndProject
Global
	GlobalSection(SolutionConfigurationPlatforms) = preSolution
		Debug|Any CPU = Debug|Any CPU
		Release|Any CPU = Release|Any CPU
	EndGlobalSection
	GlobalSection(ProjectConfigurationPlatforms) = postSolution
		{95ADB94A-A25D-4E9E-918A-73BBD4F2D74B}.Debug|Any CPU.ActiveCfg = Debug|Any CPU
		{95ADB94A-A25D-4E9E-918A-73BBD4F2D74B}.Debug|Any CPU.Build.0 = Debug|Any CPU
		{95ADB94A-A25D-4E9E-918A-73BBD4F2D74B}.Release|Any CPU.ActiveCfg = Release|Any CPU
		{95ADB94A-A25D-4E9E-918A-73BBD4F2D74B}.Release|Any CPU.Build.0 = Release|Any CPU
		{494E0DCF-11E5-4104-A0B3-43B7DB033C3E}.Debug|Any CPU.ActiveCfg = Debug|Any CPU
		{494E0DCF-11E5-4104-A0B3-43B7DB033C3E}.Debug|Any CPU.Build.0 = Debug|Any CPU
		{494E0DCF-11E5-4104-A0B3-43B7DB033C3E}.Release|Any CPU.ActiveCfg = Release|Any CPU
		{494E0DCF-11E5-4104-A0B3-43B7DB033C3E}.Release|Any CPU.Build.0 = Release|Any CPU
	EndGlobalSection
	GlobalSection(SolutionProperties) = preSolution
		HideSolutionNode = FALSE
	EndGlobalSection
	GlobalSection(ExtensibilityGlobals) = postSolution
		SolutionGuid = {42ECC4B5-2082-496D-8C96-CA991303D4B1}
	EndGlobalSection
EndGlobal
